
Microsoft Visual Studio Solution File, Format Version 12.00
# Visual Studio 2013
VisualStudioVersion = 12.0.21005.1
MinimumVisualStudioVersion = 10.0.40219.1
Project("{FAE04EC0-301F-11D3-BF4B-00C04F79EFBC}") = "HydrologyBorshchForecastService", "HydrologyBorshchForecastService\HydrologyBorshchForecastService.csproj", "{4E3DB40F-FF06-41B4-9094-9F502063327B}"
EndProject
Project("{FAE04EC0-301F-11D3-BF4B-00C04F79EFBC}") = "HydrologyBorshchForecastCore", "HydrologyBorshchForecastCore\HydrologyBorshchForecastCore.csproj", "{E292A6FD-0241-469C-8CF5-FD23DDEBDF15}"
EndProject
Project("{FAE04EC0-301F-11D3-BF4B-00C04F79EFBC}") = "HydrologyConsole", "HydrologyConsole\HydrologyConsole.csproj", "{E72163EF-9D8D-45EE-93C3-13198EADDE8D}"
EndProject
Project("{FAE04EC0-301F-11D3-BF4B-00C04F79EFBC}") = "HydrologyBorshchForecastForm", "HydrologyBorshchForecastForm\HydrologyBorshchForecastForm.csproj", "{19B0F77A-71D0-469C-88A9-E529B4877442}"
EndProject
Project("{FAE04EC0-301F-11D3-BF4B-00C04F79EFBC}") = "HydrologyBorshchForecastConsole", "HydrologyBorshchForecastConsole\HydrologyBorshchForecastConsole.csproj", "{6AFDC3F0-B140-4182-980E-53C0B09A9C32}"
EndProject
Project("{FAE04EC0-301F-11D3-BF4B-00C04F79EFBC}") = "HydrologyBorshchForecastEntity", "HydrologyBorshchForecastEntity\HydrologyBorshchForecastEntity.csproj", "{6586003C-7787-4031-BB86-6A97E1C40B99}"
EndProject
Project("{FAE04EC0-301F-11D3-BF4B-00C04F79EFBC}") = "HydrologyWeb", "HydrologyWeb\HydrologyWeb.csproj", "{1E7C29E8-26F2-40FE-AF09-DAD616A92732}"
EndProject
Project("{FAE04EC0-301F-11D3-BF4B-00C04F79EFBC}") = "HydrologyEntity", "HydrologyEntity\HydrologyEntity.csproj", "{5B4DC18C-E5EC-4E53-84ED-8A470612A0DB}"
EndProject
Project("{FAE04EC0-301F-11D3-BF4B-00C04F79EFBC}") = "HydrologyCore", "HydrologyCore\HydrologyCore.csproj", "{7E85DCD2-609A-49B2-8FFD-C1BAAFB38395}"
EndProject
Project("{FAE04EC0-301F-11D3-BF4B-00C04F79EFBC}") = "Profile", "ProfileSource\Profile.csproj", "{F8DE8838-3350-4F1C-9B43-50DFE42DB6A8}"
EndProject
Global
	GlobalSection(SolutionConfigurationPlatforms) = preSolution
		Debug|Any CPU = Debug|Any CPU
		Debug|x86 = Debug|x86
		Release|Any CPU = Release|Any CPU
		Release|x86 = Release|x86
	EndGlobalSection
	GlobalSection(ProjectConfigurationPlatforms) = postSolution
		{4E3DB40F-FF06-41B4-9094-9F502063327B}.Debug|Any CPU.ActiveCfg = Debug|Any CPU
		{4E3DB40F-FF06-41B4-9094-9F502063327B}.Debug|Any CPU.Build.0 = Debug|Any CPU
		{4E3DB40F-FF06-41B4-9094-9F502063327B}.Debug|x86.ActiveCfg = Debug|Any CPU
		{4E3DB40F-FF06-41B4-9094-9F502063327B}.Release|Any CPU.ActiveCfg = Release|Any CPU
		{4E3DB40F-FF06-41B4-9094-9F502063327B}.Release|Any CPU.Build.0 = Release|Any CPU
		{4E3DB40F-FF06-41B4-9094-9F502063327B}.Release|x86.ActiveCfg = Release|Any CPU
		{E292A6FD-0241-469C-8CF5-FD23DDEBDF15}.Debug|Any CPU.ActiveCfg = Debug|Any CPU
		{E292A6FD-0241-469C-8CF5-FD23DDEBDF15}.Debug|Any CPU.Build.0 = Debug|Any CPU
		{E292A6FD-0241-469C-8CF5-FD23DDEBDF15}.Debug|x86.ActiveCfg = Debug|Any CPU
		{E292A6FD-0241-469C-8CF5-FD23DDEBDF15}.Release|Any CPU.ActiveCfg = Release|Any CPU
		{E292A6FD-0241-469C-8CF5-FD23DDEBDF15}.Release|Any CPU.Build.0 = Release|Any CPU
		{E292A6FD-0241-469C-8CF5-FD23DDEBDF15}.Release|x86.ActiveCfg = Release|Any CPU
		{E72163EF-9D8D-45EE-93C3-13198EADDE8D}.Debug|Any CPU.ActiveCfg = Debug|Any CPU
		{E72163EF-9D8D-45EE-93C3-13198EADDE8D}.Debug|Any CPU.Build.0 = Debug|Any CPU
		{E72163EF-9D8D-45EE-93C3-13198EADDE8D}.Debug|x86.ActiveCfg = Debug|Any CPU
		{E72163EF-9D8D-45EE-93C3-13198EADDE8D}.Release|Any CPU.ActiveCfg = Release|Any CPU
		{E72163EF-9D8D-45EE-93C3-13198EADDE8D}.Release|Any CPU.Build.0 = Release|Any CPU
		{E72163EF-9D8D-45EE-93C3-13198EADDE8D}.Release|x86.ActiveCfg = Release|Any CPU
		{19B0F77A-71D0-469C-88A9-E529B4877442}.Debug|Any CPU.ActiveCfg = Debug|Any CPU
		{19B0F77A-71D0-469C-88A9-E529B4877442}.Debug|Any CPU.Build.0 = Debug|Any CPU
		{19B0F77A-71D0-469C-88A9-E529B4877442}.Debug|x86.ActiveCfg = Debug|Any CPU
		{19B0F77A-71D0-469C-88A9-E529B4877442}.Release|Any CPU.ActiveCfg = Release|Any CPU
		{19B0F77A-71D0-469C-88A9-E529B4877442}.Release|Any CPU.Build.0 = Release|Any CPU
		{19B0F77A-71D0-469C-88A9-E529B4877442}.Release|x86.ActiveCfg = Release|Any CPU
		{6AFDC3F0-B140-4182-980E-53C0B09A9C32}.Debug|Any CPU.ActiveCfg = Debug|Any CPU
		{6AFDC3F0-B140-4182-980E-53C0B09A9C32}.Debug|Any CPU.Build.0 = Debug|Any CPU
		{6AFDC3F0-B140-4182-980E-53C0B09A9C32}.Debug|x86.ActiveCfg = Debug|Any CPU
		{6AFDC3F0-B140-4182-980E-53C0B09A9C32}.Release|Any CPU.ActiveCfg = Release|Any CPU
		{6AFDC3F0-B140-4182-980E-53C0B09A9C32}.Release|Any CPU.Build.0 = Release|Any CPU
		{6AFDC3F0-B140-4182-980E-53C0B09A9C32}.Release|x86.ActiveCfg = Release|Any CPU
		{6586003C-7787-4031-BB86-6A97E1C40B99}.Debug|Any CPU.ActiveCfg = Debug|Any CPU
		{6586003C-7787-4031-BB86-6A97E1C40B99}.Debug|Any CPU.Build.0 = Debug|Any CPU
		{6586003C-7787-4031-BB86-6A97E1C40B99}.Debug|x86.ActiveCfg = Debug|Any CPU
		{6586003C-7787-4031-BB86-6A97E1C40B99}.Release|Any CPU.ActiveCfg = Release|Any CPU
		{6586003C-7787-4031-BB86-6A97E1C40B99}.Release|Any CPU.Build.0 = Release|Any CPU
		{6586003C-7787-4031-BB86-6A97E1C40B99}.Release|x86.ActiveCfg = Release|Any CPU
		{1E7C29E8-26F2-40FE-AF09-DAD616A92732}.Debug|Any CPU.ActiveCfg = Debug|Any CPU
		{1E7C29E8-26F2-40FE-AF09-DAD616A92732}.Debug|Any CPU.Build.0 = Debug|Any CPU
		{1E7C29E8-26F2-40FE-AF09-DAD616A92732}.Debug|x86.ActiveCfg = Debug|Any CPU
		{1E7C29E8-26F2-40FE-AF09-DAD616A92732}.Release|Any CPU.ActiveCfg = Release|Any CPU
		{1E7C29E8-26F2-40FE-AF09-DAD616A92732}.Release|Any CPU.Build.0 = Release|Any CPU
		{1E7C29E8-26F2-40FE-AF09-DAD616A92732}.Release|x86.ActiveCfg = Release|Any CPU
		{5B4DC18C-E5EC-4E53-84ED-8A470612A0DB}.Debug|Any CPU.ActiveCfg = Debug|Any CPU
		{5B4DC18C-E5EC-4E53-84ED-8A470612A0DB}.Debug|Any CPU.Build.0 = Debug|Any CPU
		{5B4DC18C-E5EC-4E53-84ED-8A470612A0DB}.Debug|x86.ActiveCfg = Debug|Any CPU
		{5B4DC18C-E5EC-4E53-84ED-8A470612A0DB}.Release|Any CPU.ActiveCfg = Release|Any CPU
		{5B4DC18C-E5EC-4E53-84ED-8A470612A0DB}.Release|Any CPU.Build.0 = Release|Any CPU
		{5B4DC18C-E5EC-4E53-84ED-8A470612A0DB}.Release|x86.ActiveCfg = Release|Any CPU
		{7E85DCD2-609A-49B2-8FFD-C1BAAFB38395}.Debug|Any CPU.ActiveCfg = Debug|Any CPU
		{7E85DCD2-609A-49B2-8FFD-C1BAAFB38395}.Debug|Any CPU.Build.0 = Debug|Any CPU
		{7E85DCD2-609A-49B2-8FFD-C1BAAFB38395}.Debug|x86.ActiveCfg = Debug|Any CPU
		{7E85DCD2-609A-49B2-8FFD-C1BAAFB38395}.Release|Any CPU.ActiveCfg = Release|Any CPU
		{7E85DCD2-609A-49B2-8FFD-C1BAAFB38395}.Release|Any CPU.Build.0 = Release|Any CPU
		{7E85DCD2-609A-49B2-8FFD-C1BAAFB38395}.Release|x86.ActiveCfg = Release|Any CPU
		{F8DE8838-3350-4F1C-9B43-50DFE42DB6A8}.Debug|Any CPU.ActiveCfg = Debug|Any CPU
		{F8DE8838-3350-4F1C-9B43-50DFE42DB6A8}.Debug|Any CPU.Build.0 = Debug|Any CPU
		{F8DE8838-3350-4F1C-9B43-50DFE42DB6A8}.Debug|x86.ActiveCfg = Debug|Any CPU
		{F8DE8838-3350-4F1C-9B43-50DFE42DB6A8}.Release|Any CPU.ActiveCfg = Release|Any CPU
		{F8DE8838-3350-4F1C-9B43-50DFE42DB6A8}.Release|Any CPU.Build.0 = Release|Any CPU
		{F8DE8838-3350-4F1C-9B43-50DFE42DB6A8}.Release|x86.ActiveCfg = Release|Any CPU
	EndGlobalSection
	GlobalSection(SolutionProperties) = preSolution
		HideSolutionNode = FALSE
	EndGlobalSection
EndGlobal
